
Microsoft Visual Studio Solution File, Format Version 12.00
# Visual Studio Version 17
Project("{2150E333-8FDC-42A3-9474-1A3956D46DE8}") = "CMakePredefinedTargets", "CMakePredefinedTargets", "{B8AFECAA-C8C6-3C2F-92AB-C69104584E3D}"
EndProject
Project("{2150E333-8FDC-42A3-9474-1A3956D46DE8}") = "Examples", "Examples", "{32EFFBD0-DB77-342F-A603-3E9A4B9FD5DB}"
EndProject
Project("{8BC9CEB8-8B4A-11D0-8D11-00A0C91BC942}") = "ALL_BUILD", "ALL_BUILD.vcxproj", "{F96E933B-93E1-32A1-9A46-CB7EA5959766}"
	ProjectSection(ProjectDependencies) = postProject
		{DADE73B6-7BE9-3F8B-AA4C-04CC1FB78DB9} = {DADE73B6-7BE9-3F8B-AA4C-04CC1FB78DB9}
		{8D25B5E8-B518-36E5-8114-AA28DD6984E2} = {8D25B5E8-B518-36E5-8114-AA28DD6984E2}
	EndProjectSection
EndProject
Project("{8BC9CEB8-8B4A-11D0-8D11-00A0C91BC942}") = "INSTALL", "INSTALL.vcxproj", "{C28F5EFE-C9AA-3C98-A642-5C5DF70EEF23}"
	ProjectSection(ProjectDependencies) = postProject
		{F96E933B-93E1-32A1-9A46-CB7EA5959766} = {F96E933B-93E1-32A1-9A46-CB7EA5959766}
		{DADE73B6-7BE9-3F8B-AA4C-04CC1FB78DB9} = {DADE73B6-7BE9-3F8B-AA4C-04CC1FB78DB9}
	EndProjectSection
EndProject
Project("{8BC9CEB8-8B4A-11D0-8D11-00A0C91BC942}") = "PACKAGE", "PACKAGE.vcxproj", "{11417082-0F21-329A-9314-CBC9C5E09B4B}"
	ProjectSection(ProjectDependencies) = postProject
		{F96E933B-93E1-32A1-9A46-CB7EA5959766} = {F96E933B-93E1-32A1-9A46-CB7EA5959766}
		{DADE73B6-7BE9-3F8B-AA4C-04CC1FB78DB9} = {DADE73B6-7BE9-3F8B-AA4C-04CC1FB78DB9}
	EndProjectSection
EndProject
Project("{8BC9CEB8-8B4A-11D0-8D11-00A0C91BC942}") = "ZERO_CHECK", "..\..\..\\ZERO_CHECK.vcxproj", "{DADE73B6-7BE9-3F8B-AA4C-04CC1FB78DB9}"
	ProjectSection(ProjectDependencies) = postProject
	EndProjectSection
EndProject
Project("{8BC9CEB8-8B4A-11D0-8D11-00A0C91BC942}") = "rttr_core", "..\..\rttr\rttr_core.vcxproj", "{9F11AFA7-21BE-3143-9401-A65CB5F172E3}"
	ProjectSection(ProjectDependencies) = postProject
		{DADE73B6-7BE9-3F8B-AA4C-04CC1FB78DB9} = {DADE73B6-7BE9-3F8B-AA4C-04CC1FB78DB9}
	EndProjectSection
EndProject
Project("{8BC9CEB8-8B4A-11D0-8D11-00A0C91BC942}") = "scripting_example", "scripting_example.vcxproj", "{8D25B5E8-B518-36E5-8114-AA28DD6984E2}"
	ProjectSection(ProjectDependencies) = postProject
		{DADE73B6-7BE9-3F8B-AA4C-04CC1FB78DB9} = {DADE73B6-7BE9-3F8B-AA4C-04CC1FB78DB9}
		{9F11AFA7-21BE-3143-9401-A65CB5F172E3} = {9F11AFA7-21BE-3143-9401-A65CB5F172E3}
	EndProjectSection
EndProject
Global
	GlobalSection(SolutionConfigurationPlatforms) = preSolution
		Debug|x64 = Debug|x64
		Release|x64 = Release|x64
		MinSizeRel|x64 = MinSizeRel|x64
		RelWithDebInfo|x64 = RelWithDebInfo|x64
	EndGlobalSection
	GlobalSection(ProjectConfigurationPlatforms) = postSolution
		{F96E933B-93E1-32A1-9A46-CB7EA5959766}.Debug|x64.ActiveCfg = Debug|x64
		{F96E933B-93E1-32A1-9A46-CB7EA5959766}.Debug|x64.Build.0 = Debug|x64
		{F96E933B-93E1-32A1-9A46-CB7EA5959766}.Release|x64.ActiveCfg = Release|x64
		{F96E933B-93E1-32A1-9A46-CB7EA5959766}.Release|x64.Build.0 = Release|x64
		{F96E933B-93E1-32A1-9A46-CB7EA5959766}.MinSizeRel|x64.ActiveCfg = MinSizeRel|x64
		{F96E933B-93E1-32A1-9A46-CB7EA5959766}.MinSizeRel|x64.Build.0 = MinSizeRel|x64
		{F96E933B-93E1-32A1-9A46-CB7EA5959766}.RelWithDebInfo|x64.ActiveCfg = RelWithDebInfo|x64
		{F96E933B-93E1-32A1-9A46-CB7EA5959766}.RelWithDebInfo|x64.Build.0 = RelWithDebInfo|x64
		{C28F5EFE-C9AA-3C98-A642-5C5DF70EEF23}.Debug|x64.ActiveCfg = Debug|x64
		{C28F5EFE-C9AA-3C98-A642-5C5DF70EEF23}.Release|x64.ActiveCfg = Release|x64
		{C28F5EFE-C9AA-3C98-A642-5C5DF70EEF23}.MinSizeRel|x64.ActiveCfg = MinSizeRel|x64
		{C28F5EFE-C9AA-3C98-A642-5C5DF70EEF23}.RelWithDebInfo|x64.ActiveCfg = RelWithDebInfo|x64
		{11417082-0F21-329A-9314-CBC9C5E09B4B}.Debug|x64.ActiveCfg = Debug|x64
		{11417082-0F21-329A-9314-CBC9C5E09B4B}.Release|x64.ActiveCfg = Release|x64
		{11417082-0F21-329A-9314-CBC9C5E09B4B}.MinSizeRel|x64.ActiveCfg = MinSizeRel|x64
		{11417082-0F21-329A-9314-CBC9C5E09B4B}.RelWithDebInfo|x64.ActiveCfg = RelWithDebInfo|x64
		{DADE73B6-7BE9-3F8B-AA4C-04CC1FB78DB9}.Debug|x64.ActiveCfg = Debug|x64
		{DADE73B6-7BE9-3F8B-AA4C-04CC1FB78DB9}.Debug|x64.Build.0 = Debug|x64
		{DADE73B6-7BE9-3F8B-AA4C-04CC1FB78DB9}.Release|x64.ActiveCfg = Release|x64
		{DADE73B6-7BE9-3F8B-AA4C-04CC1FB78DB9}.Release|x64.Build.0 = Release|x64
		{DADE73B6-7BE9-3F8B-AA4C-04CC1FB78DB9}.MinSizeRel|x64.ActiveCfg = MinSizeRel|x64
		{DADE73B6-7BE9-3F8B-AA4C-04CC1FB78DB9}.MinSizeRel|x64.Build.0 = MinSizeRel|x64
		{DADE73B6-7BE9-3F8B-AA4C-04CC1FB78DB9}.RelWithDebInfo|x64.ActiveCfg = RelWithDebInfo|x64
		{DADE73B6-7BE9-3F8B-AA4C-04CC1FB78DB9}.RelWithDebInfo|x64.Build.0 = RelWithDebInfo|x64
		{9F11AFA7-21BE-3143-9401-A65CB5F172E3}.Debug|x64.ActiveCfg = Debug|x64
		{9F11AFA7-21BE-3143-9401-A65CB5F172E3}.Debug|x64.Build.0 = Debug|x64
		{9F11AFA7-21BE-3143-9401-A65CB5F172E3}.Release|x64.ActiveCfg = Release|x64
		{9F11AFA7-21BE-3143-9401-A65CB5F172E3}.Release|x64.Build.0 = Release|x64
		{9F11AFA7-21BE-3143-9401-A65CB5F172E3}.MinSizeRel|x64.ActiveCfg = MinSizeRel|x64
		{9F11AFA7-21BE-3143-9401-A65CB5F172E3}.MinSizeRel|x64.Build.0 = MinSizeRel|x64
		{9F11AFA7-21BE-3143-9401-A65CB5F172E3}.RelWithDebInfo|x64.ActiveCfg = RelWithDebInfo|x64
		{9F11AFA7-21BE-3143-9401-A65CB5F172E3}.RelWithDebInfo|x64.Build.0 = RelWithDebInfo|x64
		{8D25B5E8-B518-36E5-8114-AA28DD6984E2}.Debug|x64.ActiveCfg = Debug|x64
		{8D25B5E8-B518-36E5-8114-AA28DD6984E2}.Debug|x64.Build.0 = Debug|x64
		{8D25B5E8-B518-36E5-8114-AA28DD6984E2}.Release|x64.ActiveCfg = Release|x64
		{8D25B5E8-B518-36E5-8114-AA28DD6984E2}.Release|x64.Build.0 = Release|x64
		{8D25B5E8-B518-36E5-8114-AA28DD6984E2}.MinSizeRel|x64.ActiveCfg = MinSizeRel|x64
		{8D25B5E8-B518-36E5-8114-AA28DD6984E2}.MinSizeRel|x64.Build.0 = MinSizeRel|x64
		{8D25B5E8-B518-36E5-8114-AA28DD6984E2}.RelWithDebInfo|x64.ActiveCfg = RelWithDebInfo|x64
		{8D25B5E8-B518-36E5-8114-AA28DD6984E2}.RelWithDebInfo|x64.Build.0 = RelWithDebInfo|x64
	EndGlobalSection
	GlobalSection(NestedProjects) = preSolution
		{F96E933B-93E1-32A1-9A46-CB7EA5959766} = {B8AFECAA-C8C6-3C2F-92AB-C69104584E3D}
		{C28F5EFE-C9AA-3C98-A642-5C5DF70EEF23} = {B8AFECAA-C8C6-3C2F-92AB-C69104584E3D}
		{11417082-0F21-329A-9314-CBC9C5E09B4B} = {B8AFECAA-C8C6-3C2F-92AB-C69104584E3D}
		{DADE73B6-7BE9-3F8B-AA4C-04CC1FB78DB9} = {B8AFECAA-C8C6-3C2F-92AB-C69104584E3D}
		{8D25B5E8-B518-36E5-8114-AA28DD6984E2} = {32EFFBD0-DB77-342F-A603-3E9A4B9FD5DB}
	EndGlobalSection
	GlobalSection(ExtensibilityGlobals) = postSolution
		SolutionGuid = {DEFB962C-1E9E-326B-AFD0-AC6DA94AC3A0}
	EndGlobalSection
	GlobalSection(ExtensibilityAddIns) = postSolution
	EndGlobalSection
EndGlobal
