<?xml version="1.0" encoding="utf-8"?>
<Project ToolsVersion="17.0" xmlns="http://schemas.microsoft.com/developer/msbuild/2003">
  <ItemGroup>
    <CustomBuild Include="C:\aaa\rttr-master\vs2022\CMakeFiles\f1fc75ca06d571148d1682473ef5b64e\PACKAGE_force.rule">
      <Filter>CMake Rules</Filter>
    </CustomBuild>
  </ItemGroup>
  <ItemGroup>
    <Filter Include="CMake Rules">
      <UniqueIdentifier>{672592FF-94D9-3316-960C-D3B33EC76AF9}</UniqueIdentifier>
    </Filter>
  </ItemGroup>
</Project>
